// !$*UTF8*$!
{
	archiveVersion = 1;
	classes = {
	};
	objectVersion = 46;
	objects = {

/* Begin PBXBuildFile section */
		5892F0F61C66281900F2BCA2 /* AppDelegate.swift in Sources */ = {isa = PBXBuildFile; fileRef = 5892F0F51C66281900F2BCA2 /* AppDelegate.swift */; };
		5892F0F81C66281900F2BCA2 /* ViewController.swift in Sources */ = {isa = PBXBuildFile; fileRef = 5892F0F71C66281900F2BCA2 /* ViewController.swift */; };
		5892F0FB1C66281900F2BCA2 /* Main.storyboard in Resources */ = {isa = PBXBuildFile; fileRef = 5892F0F91C66281900F2BCA2 /* Main.storyboard */; };
		5892F0FD1C66281900F2BCA2 /* Assets.xcassets in Resources */ = {isa = PBXBuildFile; fileRef = 5892F0FC1C66281900F2BCA2 /* Assets.xcassets */; };
		5892F1001C66281900F2BCA2 /* LaunchScreen.storyboard in Resources */ = {isa = PBXBuildFile; fileRef = 5892F0FE1C66281900F2BCA2 /* LaunchScreen.storyboard */; };
		5892F10B1C66281900F2BCA2 /* CountetTests.swift in Sources */ = {isa = PBXBuildFile; fileRef = 5892F10A1C66281900F2BCA2 /* CountetTests.swift */; };
		5892F1161C66281900F2BCA2 /* CountetUITests.swift in Sources */ = {isa = PBXBuildFile; fileRef = 5892F1151C66281900F2BCA2 /* CountetUITests.swift */; };
		5892F1261C66327A00F2BCA2 /* Countt10.png in Resources */ = {isa = PBXBuildFile; fileRef = 5892F1251C66327A00F2BCA2 /* Countt10.png */; };
		58AB68061C6A67E900856551 /* Contents.json in Resources */ = {isa = PBXBuildFile; fileRef = 58AB67F01C6A67E900856551 /* Contents.json */; };
		58AB68071C6A67E900856551 /* Icon-40.png in Resources */ = {isa = PBXBuildFile; fileRef = 58AB67F11C6A67E900856551 /* Icon-40.png */; };
		58AB68081C6A67E900856551 /* Icon-40@2x.png in Resources */ = {isa = PBXBuildFile; fileRef = 58AB67F21C6A67E900856551 /* Icon-40@2x.png */; };
		58AB68091C6A67E900856551 /* Icon-40@3x.png in Resources */ = {isa = PBXBuildFile; fileRef = 58AB67F31C6A67E900856551 /* Icon-40@3x.png */; };
		58AB680A1C6A67E900856551 /* Icon-60@2x.png in Resources */ = {isa = PBXBuildFile; fileRef = 58AB67F41C6A67E900856551 /* Icon-60@2x.png */; };
		58AB680B1C6A67E900856551 /* Icon-60@3x.png in Resources */ = {isa = PBXBuildFile; fileRef = 58AB67F51C6A67E900856551 /* Icon-60@3x.png */; };
		58AB680C1C6A67E900856551 /* Icon-76.png in Resources */ = {isa = PBXBuildFile; fileRef = 58AB67F61C6A67E900856551 /* Icon-76.png */; };
		58AB680D1C6A67E900856551 /* Icon-76@2x.png in Resources */ = {isa = PBXBuildFile; fileRef = 58AB67F71C6A67E900856551 /* Icon-76@2x.png */; };
		58AB680E1C6A67E900856551 /* Icon-83.5@2x.png in Resources */ = {isa = PBXBuildFile; fileRef = 58AB67F81C6A67E900856551 /* Icon-83.5@2x.png */; };
		58AB680F1C6A67E900856551 /* Icon-Small.png in Resources */ = {isa = PBXBuildFile; fileRef = 58AB67F91C6A67E900856551 /* Icon-Small.png */; };
		58AB68101C6A67E900856551 /* Icon-Small@2x.png in Resources */ = {isa = PBXBuildFile; fileRef = 58AB67FA1C6A67E900856551 /* Icon-Small@2x.png */; };
		58AB68111C6A67E900856551 /* Icon-Small@3x.png in Resources */ = {isa = PBXBuildFile; fileRef = 58AB67FB1C6A67E900856551 /* Icon-Small@3x.png */; };
		58AB68121C6A67E900856551 /* Icon-60.png in Resources */ = {isa = PBXBuildFile; fileRef = 58AB67FC1C6A67E900856551 /* Icon-60.png */; };
		58AB68131C6A67E900856551 /* Icon-72.png in Resources */ = {isa = PBXBuildFile; fileRef = 58AB67FD1C6A67E900856551 /* Icon-72.png */; };
		58AB68141C6A67E900856551 /* Icon-72@2x.png in Resources */ = {isa = PBXBuildFile; fileRef = 58AB67FE1C6A67E900856551 /* Icon-72@2x.png */; };
		58AB68151C6A67E900856551 /* Icon-Small-50.png in Resources */ = {isa = PBXBuildFile; fileRef = 58AB67FF1C6A67E900856551 /* Icon-Small-50.png */; };
		58AB68161C6A67E900856551 /* Icon-Small-50@2x.png in Resources */ = {isa = PBXBuildFile; fileRef = 58AB68001C6A67E900856551 /* Icon-Small-50@2x.png */; };
		58AB68171C6A67E900856551 /* Icon.png in Resources */ = {isa = PBXBuildFile; fileRef = 58AB68011C6A67E900856551 /* Icon.png */; };
		58AB68181C6A67E900856551 /* Icon@2x.png in Resources */ = {isa = PBXBuildFile; fileRef = 58AB68021C6A67E900856551 /* Icon@2x.png */; };
		58AB68191C6A67E900856551 /* iTunesArtwork.png in Resources */ = {isa = PBXBuildFile; fileRef = 58AB68031C6A67E900856551 /* iTunesArtwork.png */; };
		58AB681A1C6A67E900856551 /* iTunesArtwork@2x.png in Resources */ = {isa = PBXBuildFile; fileRef = 58AB68041C6A67E900856551 /* iTunesArtwork@2x.png */; };
/* End PBXBuildFile section */

/* Begin PBXContainerItemProxy section */
		5892F1071C66281900F2BCA2 /* PBXContainerItemProxy */ = {
			isa = PBXContainerItemProxy;
			containerPortal = 5892F0EA1C66281900F2BCA2 /* Project object */;
			proxyType = 1;
			remoteGlobalIDString = 5892F0F11C66281900F2BCA2;
			remoteInfo = Countet;
		};
		5892F1121C66281900F2BCA2 /* PBXContainerItemProxy */ = {
			isa = PBXContainerItemProxy;
			containerPortal = 5892F0EA1C66281900F2BCA2 /* Project object */;
			proxyType = 1;
			remoteGlobalIDString = 5892F0F11C66281900F2BCA2;
			remoteInfo = Countet;
		};
/* End PBXContainerItemProxy section */

/* Begin PBXFileReference section */
		5892F0F21C66281900F2BCA2 /* Countet.app */ = {isa = PBXFileReference; explicitFileType = wrapper.application; includeInIndex = 0; path = Countet.app; sourceTree = BUILT_PRODUCTS_DIR; };
		5892F0F51C66281900F2BCA2 /* AppDelegate.swift */ = {isa = PBXFileReference; lastKnownFileType = sourcecode.swift; path = AppDelegate.swift; sourceTree = "<group>"; };
		5892F0F71C66281900F2BCA2 /* ViewController.swift */ = {isa = PBXFileReference; lastKnownFileType = sourcecode.swift; path = ViewController.swift; sourceTree = "<group>"; };
		5892F0FA1C66281900F2BCA2 /* Base */ = {isa = PBXFileReference; lastKnownFileType = file.storyboard; name = Base; path = Base.lproj/Main.storyboard; sourceTree = "<group>"; };
		5892F0FC1C66281900F2BCA2 /* Assets.xcassets */ = {isa = PBXFileReference; lastKnownFileType = folder.assetcatalog; path = Assets.xcassets; sourceTree = "<group>"; };
		5892F0FF1C66281900F2BCA2 /* Base */ = {isa = PBXFileReference; lastKnownFileType = file.storyboard; name = Base; path = Base.lproj/LaunchScreen.storyboard; sourceTree = "<group>"; };
		5892F1011C66281900F2BCA2 /* Info.plist */ = {isa = PBXFileReference; lastKnownFileType = text.plist.xml; path = Info.plist; sourceTree = "<group>"; };
		5892F1061C66281900F2BCA2 /* CountetTests.xctest */ = {isa = PBXFileReference; explicitFileType = wrapper.cfbundle; includeInIndex = 0; path = CountetTests.xctest; sourceTree = BUILT_PRODUCTS_DIR; };
		5892F10A1C66281900F2BCA2 /* CountetTests.swift */ = {isa = PBXFileReference; lastKnownFileType = sourcecode.swift; path = CountetTests.swift; sourceTree = "<group>"; };
		5892F10C1C66281900F2BCA2 /* Info.plist */ = {isa = PBXFileReference; lastKnownFileType = text.plist.xml; path = Info.plist; sourceTree = "<group>"; };
		5892F1111C66281900F2BCA2 /* CountetUITests.xctest */ = {isa = PBXFileReference; explicitFileType = wrapper.cfbundle; includeInIndex = 0; path = CountetUITests.xctest; sourceTree = BUILT_PRODUCTS_DIR; };
		5892F1151C66281900F2BCA2 /* CountetUITests.swift */ = {isa = PBXFileReference; lastKnownFileType = sourcecode.swift; path = CountetUITests.swift; sourceTree = "<group>"; };
		5892F1171C66281900F2BCA2 /* Info.plist */ = {isa = PBXFileReference; lastKnownFileType = text.plist.xml; path = Info.plist; sourceTree = "<group>"; };
		5892F1251C66327A00F2BCA2 /* Countt10.png */ = {isa = PBXFileReference; lastKnownFileType = image.png; path = Countt10.png; sourceTree = "<group>"; };
		58AB67F01C6A67E900856551 /* Contents.json */ = {isa = PBXFileReference; fileEncoding = 4; lastKnownFileType = text.json; path = Contents.json; sourceTree = "<group>"; };
		58AB67F11C6A67E900856551 /* Icon-40.png */ = {isa = PBXFileReference; lastKnownFileType = image.png; path = "Icon-40.png"; sourceTree = "<group>"; };
		58AB67F21C6A67E900856551 /* Icon-40@2x.png */ = {isa = PBXFileReference; lastKnownFileType = image.png; path = "Icon-40@2x.png"; sourceTree = "<group>"; };
		58AB67F31C6A67E900856551 /* Icon-40@3x.png */ = {isa = PBXFileReference; lastKnownFileType = image.png; path = "Icon-40@3x.png"; sourceTree = "<group>"; };
		58AB67F41C6A67E900856551 /* Icon-60@2x.png */ = {isa = PBXFileReference; lastKnownFileType = image.png; path = "Icon-60@2x.png"; sourceTree = "<group>"; };
		58AB67F51C6A67E900856551 /* Icon-60@3x.png */ = {isa = PBXFileReference; lastKnownFileType = image.png; path = "Icon-60@3x.png"; sourceTree = "<group>"; };
		58AB67F61C6A67E900856551 /* Icon-76.png */ = {isa = PBXFileReference; lastKnownFileType = image.png; path = "Icon-76.png"; sourceTree = "<group>"; };
		58AB67F71C6A67E900856551 /* Icon-76@2x.png */ = {isa = PBXFileReference; lastKnownFileType = image.png; path = "Icon-76@2x.png"; sourceTree = "<group>"; };
		58AB67F81C6A67E900856551 /* Icon-83.5@2x.png */ = {isa = PBXFileReference; lastKnownFileType = image.png; path = "Icon-83.5@2x.png"; sourceTree = "<group>"; };
		58AB67F91C6A67E900856551 /* Icon-Small.png */ = {isa = PBXFileReference; lastKnownFileType = image.png; path = "Icon-Small.png"; sourceTree = "<group>"; };
		58AB67FA1C6A67E900856551 /* Icon-Small@2x.png */ = {isa = PBXFileReference; lastKnownFileType = image.png; path = "Icon-Small@2x.png"; sourceTree = "<group>"; };
		58AB67FB1C6A67E900856551 /* Icon-Small@3x.png */ = {isa = PBXFileReference; lastKnownFileType = image.png; path = "Icon-Small@3x.png"; sourceTree = "<group>"; };
		58AB67FC1C6A67E900856551 /* Icon-60.png */ = {isa = PBXFileReference; lastKnownFileType = image.png; path = "Icon-60.png"; sourceTree = "<group>"; };
		58AB67FD1C6A67E900856551 /* Icon-72.png */ = {isa = PBXFileReference; lastKnownFileType = image.png; path = "Icon-72.png"; sourceTree = "<group>"; };
		58AB67FE1C6A67E900856551 /* Icon-72@2x.png */ = {isa = PBXFileReference; lastKnownFileType = image.png; path = "Icon-72@2x.png"; sourceTree = "<group>"; };
		58AB67FF1C6A67E900856551 /* Icon-Small-50.png */ = {isa = PBXFileReference; lastKnownFileType = image.png; path = "Icon-Small-50.png"; sourceTree = "<group>"; };
		58AB68001C6A67E900856551 /* Icon-Small-50@2x.png */ = {isa = PBXFileReference; lastKnownFileType = image.png; path = "Icon-Small-50@2x.png"; sourceTree = "<group>"; };
		58AB68011C6A67E900856551 /* Icon.png */ = {isa = PBXFileReference; lastKnownFileType = image.png; path = Icon.png; sourceTree = "<group>"; };
		58AB68021C6A67E900856551 /* Icon@2x.png */ = {isa = PBXFileReference; lastKnownFileType = image.png; path = "Icon@2x.png"; sourceTree = "<group>"; };
		58AB68031C6A67E900856551 /* iTunesArtwork.png */ = {isa = PBXFileReference; lastKnownFileType = image.png; path = iTunesArtwork.png; sourceTree = "<group>"; };
		58AB68041C6A67E900856551 /* iTunesArtwork@2x.png */ = {isa = PBXFileReference; lastKnownFileType = image.png; path = "iTunesArtwork@2x.png"; sourceTree = "<group>"; };
/* End PBXFileReference section */

/* Begin PBXFrameworksBuildPhase section */
		5892F0EF1C66281900F2BCA2 /* Frameworks */ = {
			isa = PBXFrameworksBuildPhase;
			buildActionMask = 2147483647;
			files = (
			);
			runOnlyForDeploymentPostprocessing = 0;
		};
		5892F1031C66281900F2BCA2 /* Frameworks */ = {
			isa = PBXFrameworksBuildPhase;
			buildActionMask = 2147483647;
			files = (
			);
			runOnlyForDeploymentPostprocessing = 0;
		};
		5892F10E1C66281900F2BCA2 /* Frameworks */ = {
			isa = PBXFrameworksBuildPhase;
			buildActionMask = 2147483647;
			files = (
			);
			runOnlyForDeploymentPostprocessing = 0;
		};
/* End PBXFrameworksBuildPhase section */

/* Begin PBXGroup section */
		5892F0E91C66281900F2BCA2 = {
			isa = PBXGroup;
			children = (
				5892F0F41C66281900F2BCA2 /* Countet */,
				5892F1091C66281900F2BCA2 /* CountetTests */,
				5892F1141C66281900F2BCA2 /* CountetUITests */,
				5892F0F31C66281900F2BCA2 /* Products */,
			);
			sourceTree = "<group>";
		};
		5892F0F31C66281900F2BCA2 /* Products */ = {
			isa = PBXGroup;
			children = (
				5892F0F21C66281900F2BCA2 /* Countet.app */,
				5892F1061C66281900F2BCA2 /* CountetTests.xctest */,
				5892F1111C66281900F2BCA2 /* CountetUITests.xctest */,
			);
			name = Products;
			sourceTree = "<group>";
		};
		5892F0F41C66281900F2BCA2 /* Countet */ = {
			isa = PBXGroup;
			children = (
				58AB67EE1C6A67E900856551 /* ios */,
				5892F0F51C66281900F2BCA2 /* AppDelegate.swift */,
				5892F0F71C66281900F2BCA2 /* ViewController.swift */,
				5892F1251C66327A00F2BCA2 /* Countt10.png */,
				5892F0F91C66281900F2BCA2 /* Main.storyboard */,
				5892F0FC1C66281900F2BCA2 /* Assets.xcassets */,
				5892F0FE1C66281900F2BCA2 /* LaunchScreen.storyboard */,
				5892F1011C66281900F2BCA2 /* Info.plist */,
			);
			path = Countet;
			sourceTree = "<group>";
		};
		5892F1091C66281900F2BCA2 /* CountetTests */ = {
			isa = PBXGroup;
			children = (
				5892F10A1C66281900F2BCA2 /* CountetTests.swift */,
				5892F10C1C66281900F2BCA2 /* Info.plist */,
			);
			path = CountetTests;
			sourceTree = "<group>";
		};
		5892F1141C66281900F2BCA2 /* CountetUITests */ = {
			isa = PBXGroup;
			children = (
				5892F1151C66281900F2BCA2 /* CountetUITests.swift */,
				5892F1171C66281900F2BCA2 /* Info.plist */,
			);
			path = CountetUITests;
			sourceTree = "<group>";
		};
		58AB67EE1C6A67E900856551 /* ios */ = {
			isa = PBXGroup;
			children = (
				58AB67EF1C6A67E900856551 /* AppIcon.appiconset */,
				58AB67FC1C6A67E900856551 /* Icon-60.png */,
				58AB67FD1C6A67E900856551 /* Icon-72.png */,
				58AB67FE1C6A67E900856551 /* Icon-72@2x.png */,
				58AB67FF1C6A67E900856551 /* Icon-Small-50.png */,
				58AB68001C6A67E900856551 /* Icon-Small-50@2x.png */,
				58AB68011C6A67E900856551 /* Icon.png */,
				58AB68021C6A67E900856551 /* Icon@2x.png */,
				58AB68031C6A67E900856551 /* iTunesArtwork.png */,
				58AB68041C6A67E900856551 /* iTunesArtwork@2x.png */,
			);
			path = ios;
			sourceTree = "<group>";
		};
		58AB67EF1C6A67E900856551 /* AppIcon.appiconset */ = {
			isa = PBXGroup;
			children = (
				58AB67F01C6A67E900856551 /* Contents.json */,
				58AB67F11C6A67E900856551 /* Icon-40.png */,
				58AB67F21C6A67E900856551 /* Icon-40@2x.png */,
				58AB67F31C6A67E900856551 /* Icon-40@3x.png */,
				58AB67F41C6A67E900856551 /* Icon-60@2x.png */,
				58AB67F51C6A67E900856551 /* Icon-60@3x.png */,
				58AB67F61C6A67E900856551 /* Icon-76.png */,
				58AB67F71C6A67E900856551 /* Icon-76@2x.png */,
				58AB67F81C6A67E900856551 /* Icon-83.5@2x.png */,
				58AB67F91C6A67E900856551 /* Icon-Small.png */,
				58AB67FA1C6A67E900856551 /* Icon-Small@2x.png */,
				58AB67FB1C6A67E900856551 /* Icon-Small@3x.png */,
			);
			path = AppIcon.appiconset;
			sourceTree = "<group>";
		};
/* End PBXGroup section */

/* Begin PBXNativeTarget section */
		5892F0F11C66281900F2BCA2 /* Countet */ = {
			isa = PBXNativeTarget;
			buildConfigurationList = 5892F11A1C66281900F2BCA2 /* Build configuration list for PBXNativeTarget "Countet" */;
			buildPhases = (
				5892F0EE1C66281900F2BCA2 /* Sources */,
				5892F0EF1C66281900F2BCA2 /* Frameworks */,
				5892F0F01C66281900F2BCA2 /* Resources */,
			);
			buildRules = (
			);
			dependencies = (
			);
			name = Countet;
			productName = Countet;
			productReference = 5892F0F21C66281900F2BCA2 /* Countet.app */;
			productType = "com.apple.product-type.application";
		};
		5892F1051C66281900F2BCA2 /* CountetTests */ = {
			isa = PBXNativeTarget;
			buildConfigurationList = 5892F11D1C66281900F2BCA2 /* Build configuration list for PBXNativeTarget "CountetTests" */;
			buildPhases = (
				5892F1021C66281900F2BCA2 /* Sources */,
				5892F1031C66281900F2BCA2 /* Frameworks */,
				5892F1041C66281900F2BCA2 /* Resources */,
			);
			buildRules = (
			);
			dependencies = (
				5892F1081C66281900F2BCA2 /* PBXTargetDependency */,
			);
			name = CountetTests;
			productName = CountetTests;
			productReference = 5892F1061C66281900F2BCA2 /* CountetTests.xctest */;
			productType = "com.apple.product-type.bundle.unit-test";
		};
		5892F1101C66281900F2BCA2 /* CountetUITests */ = {
			isa = PBXNativeTarget;
			buildConfigurationList = 5892F1201C66281900F2BCA2 /* Build configuration list for PBXNativeTarget "CountetUITests" */;
			buildPhases = (
				5892F10D1C66281900F2BCA2 /* Sources */,
				5892F10E1C66281900F2BCA2 /* Frameworks */,
				5892F10F1C66281900F2BCA2 /* Resources */,
			);
			buildRules = (
			);
			dependencies = (
				5892F1131C66281900F2BCA2 /* PBXTargetDependency */,
			);
			name = CountetUITests;
			productName = CountetUITests;
			productReference = 5892F1111C66281900F2BCA2 /* CountetUITests.xctest */;
			productType = "com.apple.product-type.bundle.ui-testing";
		};
/* End PBXNativeTarget section */

/* Begin PBXProject section */
		5892F0EA1C66281900F2BCA2 /* Project object */ = {
			isa = PBXProject;
			attributes = {
				LastSwiftUpdateCheck = 0720;
				LastUpgradeCheck = 0720;
				ORGANIZATIONNAME = "Aoi Sakaue";
				TargetAttributes = {
					5892F0F11C66281900F2BCA2 = {
						CreatedOnToolsVersion = 7.2;
						DevelopmentTeam = UZZ5WC8E2Y;
					};
					5892F1051C66281900F2BCA2 = {
						CreatedOnToolsVersion = 7.2;
						DevelopmentTeam = UZZ5WC8E2Y;
						TestTargetID = 5892F0F11C66281900F2BCA2;
					};
					5892F1101C66281900F2BCA2 = {
						CreatedOnToolsVersion = 7.2;
						DevelopmentTeam = UZZ5WC8E2Y;
						TestTargetID = 5892F0F11C66281900F2BCA2;
					};
				};
			};
			buildConfigurationList = 5892F0ED1C66281900F2BCA2 /* Build configuration list for PBXProject "Countet" */;
			compatibilityVersion = "Xcode 3.2";
			developmentRegion = English;
			hasScannedForEncodings = 0;
			knownRegions = (
				en,
				Base,
			);
			mainGroup = 5892F0E91C66281900F2BCA2;
			productRefGroup = 5892F0F31C66281900F2BCA2 /* Products */;
			projectDirPath = "";
			projectRoot = "";
			targets = (
				5892F0F11C66281900F2BCA2 /* Countet */,
				5892F1051C66281900F2BCA2 /* CountetTests */,
				5892F1101C66281900F2BCA2 /* CountetUITests */,
			);
		};
/* End PBXProject section */

/* Begin PBXResourcesBuildPhase section */
		5892F0F01C66281900F2BCA2 /* Resources */ = {
			isa = PBXResourcesBuildPhase;
			buildActionMask = 2147483647;
			files = (
				58AB68061C6A67E900856551 /* Contents.json in Resources */,
				5892F1001C66281900F2BCA2 /* LaunchScreen.storyboard in Resources */,
				58AB68071C6A67E900856551 /* Icon-40.png in Resources */,
				58AB68101C6A67E900856551 /* Icon-Small@2x.png in Resources */,
				5892F0FD1C66281900F2BCA2 /* Assets.xcassets in Resources */,
				58AB68181C6A67E900856551 /* Icon@2x.png in Resources */,
				58AB68191C6A67E900856551 /* iTunesArtwork.png in Resources */,
				58AB68081C6A67E900856551 /* Icon-40@2x.png in Resources */,
				58AB680A1C6A67E900856551 /* Icon-60@2x.png in Resources */,
				58AB680C1C6A67E900856551 /* Icon-76.png in Resources */,
				58AB68171C6A67E900856551 /* Icon.png in Resources */,
				58AB681A1C6A67E900856551 /* iTunesArtwork@2x.png in Resources */,
				58AB680B1C6A67E900856551 /* Icon-60@3x.png in Resources */,
				58AB68161C6A67E900856551 /* Icon-Small-50@2x.png in Resources */,
				58AB680F1C6A67E900856551 /* Icon-Small.png in Resources */,
				5892F0FB1C66281900F2BCA2 /* Main.storyboard in Resources */,
				58AB68131C6A67E900856551 /* Icon-72.png in Resources */,
				58AB68091C6A67E900856551 /* Icon-40@3x.png in Resources */,
				58AB68141C6A67E900856551 /* Icon-72@2x.png in Resources */,
				58AB680D1C6A67E900856551 /* Icon-76@2x.png in Resources */,
				58AB680E1C6A67E900856551 /* Icon-83.5@2x.png in Resources */,
				58AB68111C6A67E900856551 /* Icon-Small@3x.png in Resources */,
				58AB68151C6A67E900856551 /* Icon-Small-50.png in Resources */,
				5892F1261C66327A00F2BCA2 /* Countt10.png in Resources */,
				58AB68121C6A67E900856551 /* Icon-60.png in Resources */,
			);
			runOnlyForDeploymentPostprocessing = 0;
		};
		5892F1041C66281900F2BCA2 /* Resources */ = {
			isa = PBXResourcesBuildPhase;
			buildActionMask = 2147483647;
			files = (
			);
			runOnlyForDeploymentPostprocessing = 0;
		};
		5892F10F1C66281900F2BCA2 /* Resources */ = {
			isa = PBXResourcesBuildPhase;
			buildActionMask = 2147483647;
			files = (
			);
			runOnlyForDeploymentPostprocessing = 0;
		};
/* End PBXResourcesBuildPhase section */

/* Begin PBXSourcesBuildPhase section */
		5892F0EE1C66281900F2BCA2 /* Sources */ = {
			isa = PBXSourcesBuildPhase;
			buildActionMask = 2147483647;
			files = (
				5892F0F81C66281900F2BCA2 /* ViewController.swift in Sources */,
				5892F0F61C66281900F2BCA2 /* AppDelegate.swift in Sources */,
			);
			runOnlyForDeploymentPostprocessing = 0;
		};
		5892F1021C66281900F2BCA2 /* Sources */ = {
			isa = PBXSourcesBuildPhase;
			buildActionMask = 2147483647;
			files = (
				5892F10B1C66281900F2BCA2 /* CountetTests.swift in Sources */,
			);
			runOnlyForDeploymentPostprocessing = 0;
		};
		5892F10D1C66281900F2BCA2 /* Sources */ = {
			isa = PBXSourcesBuildPhase;
			buildActionMask = 2147483647;
			files = (
				5892F1161C66281900F2BCA2 /* CountetUITests.swift in Sources */,
			);
			runOnlyForDeploymentPostprocessing = 0;
		};
/* End PBXSourcesBuildPhase section */

/* Begin PBXTargetDependency section */
		5892F1081C66281900F2BCA2 /* PBXTargetDependency */ = {
			isa = PBXTargetDependency;
			target = 5892F0F11C66281900F2BCA2 /* Countet */;
			targetProxy = 5892F1071C66281900F2BCA2 /* PBXContainerItemProxy */;
		};
		5892F1131C66281900F2BCA2 /* PBXTargetDependency */ = {
			isa = PBXTargetDependency;
			target = 5892F0F11C66281900F2BCA2 /* Countet */;
			targetProxy = 5892F1121C66281900F2BCA2 /* PBXContainerItemProxy */;
		};
/* End PBXTargetDependency section */

/* Begin PBXVariantGroup section */
		5892F0F91C66281900F2BCA2 /* Main.storyboard */ = {
			isa = PBXVariantGroup;
			children = (
				5892F0FA1C66281900F2BCA2 /* Base */,
			);
			name = Main.storyboard;
			sourceTree = "<group>";
		};
		5892F0FE1C66281900F2BCA2 /* LaunchScreen.storyboard */ = {
			isa = PBXVariantGroup;
			children = (
				5892F0FF1C66281900F2BCA2 /* Base */,
			);
			name = LaunchScreen.storyboard;
			sourceTree = "<group>";
		};
/* End PBXVariantGroup section */

/* Begin XCBuildConfiguration section */
		5892F1181C66281900F2BCA2 /* Debug */ = {
			isa = XCBuildConfiguration;
			buildSettings = {
				ALWAYS_SEARCH_USER_PATHS = NO;
				CLANG_CXX_LANGUAGE_STANDARD = "gnu++0x";
				CLANG_CXX_LIBRARY = "libc++";
				CLANG_ENABLE_MODULES = YES;
				CLANG_ENABLE_OBJC_ARC = YES;
				CLANG_WARN_BOOL_CONVERSION = YES;
				CLANG_WARN_CONSTANT_CONVERSION = YES;
				CLANG_WARN_DIRECT_OBJC_ISA_USAGE = YES_ERROR;
				CLANG_WARN_EMPTY_BODY = YES;
				CLANG_WARN_ENUM_CONVERSION = YES;
				CLANG_WARN_INT_CONVERSION = YES;
				CLANG_WARN_OBJC_ROOT_CLASS = YES_ERROR;
				CLANG_WARN_UNREACHABLE_CODE = YES;
				CLANG_WARN__DUPLICATE_METHOD_MATCH = YES;
				"CODE_SIGN_IDENTITY[sdk=iphoneos*]" = "iPhone Developer";
				COPY_PHASE_STRIP = NO;
				DEBUG_INFORMATION_FORMAT = dwarf;
				ENABLE_STRICT_OBJC_MSGSEND = YES;
				ENABLE_TESTABILITY = YES;
				GCC_C_LANGUAGE_STANDARD = gnu99;
				GCC_DYNAMIC_NO_PIC = NO;
				GCC_NO_COMMON_BLOCKS = YES;
				GCC_OPTIMIZATION_LEVEL = 0;
				GCC_PREPROCESSOR_DEFINITIONS = (
					"DEBUG=1",
					"$(inherited)",
				);
				GCC_WARN_64_TO_32_BIT_CONVERSION = YES;
				GCC_WARN_ABOUT_RETURN_TYPE = YES_ERROR;
				GCC_WARN_UNDECLARED_SELECTOR = YES;
				GCC_WARN_UNINITIALIZED_AUTOS = YES_AGGRESSIVE;
				GCC_WARN_UNUSED_FUNCTION = YES;
				GCC_WARN_UNUSED_VARIABLE = YES;
				IPHONEOS_DEPLOYMENT_TARGET = 9.2;
				MTL_ENABLE_DEBUG_INFO = YES;
				ONLY_ACTIVE_ARCH = YES;
				SDKROOT = iphoneos;
				SWIFT_OPTIMIZATION_LEVEL = "-Onone";
			};
			name = Debug;
		};
		5892F1191C66281900F2BCA2 /* Release */ = {
			isa = XCBuildConfiguration;
			buildSettings = {
				ALWAYS_SEARCH_USER_PATHS = NO;
				CLANG_CXX_LANGUAGE_STANDARD = "gnu++0x";
				CLANG_CXX_LIBRARY = "libc++";
				CLANG_ENABLE_MODULES = YES;
				CLANG_ENABLE_OBJC_ARC = YES;
				CLANG_WARN_BOOL_CONVERSION = YES;
				CLANG_WARN_CONSTANT_CONVERSION = YES;
				CLANG_WARN_DIRECT_OBJC_ISA_USAGE = YES_ERROR;
				CLANG_WARN_EMPTY_BODY = YES;
				CLANG_WARN_ENUM_CONVERSION = YES;
				CLANG_WARN_INT_CONVERSION = YES;
				CLANG_WARN_OBJC_ROOT_CLASS = YES_ERROR;
				CLANG_WARN_UNREACHABLE_CODE = YES;
				CLANG_WARN__DUPLICATE_METHOD_MATCH = YES;
				"CODE_SIGN_IDENTITY[sdk=iphoneos*]" = "iPhone Developer";
				COPY_PHASE_STRIP = NO;
				DEBUG_INFORMATION_FORMAT = "dwarf-with-dsym";
				ENABLE_NS_ASSERTIONS = NO;
				ENABLE_STRICT_OBJC_MSGSEND = YES;
				GCC_C_LANGUAGE_STANDARD = gnu99;
				GCC_NO_COMMON_BLOCKS = YES;
				GCC_WARN_64_TO_32_BIT_CONVERSION = YES;
				GCC_WARN_ABOUT_RETURN_TYPE = YES_ERROR;
				GCC_WARN_UNDECLARED_SELECTOR = YES;
				GCC_WARN_UNINITIALIZED_AUTOS = YES_AGGRESSIVE;
				GCC_WARN_UNUSED_FUNCTION = YES;
				GCC_WARN_UNUSED_VARIABLE = YES;
				IPHONEOS_DEPLOYMENT_TARGET = 9.2;
				MTL_ENABLE_DEBUG_INFO = NO;
				SDKROOT = iphoneos;
				VALIDATE_PRODUCT = YES;
			};
			name = Release;
		};
		5892F11B1C66281900F2BCA2 /* Debug */ = {
			isa = XCBuildConfiguration;
			buildSettings = {
				ASSETCATALOG_COMPILER_APPICON_NAME = AppIcon;
				INFOPLIST_FILE = Countet/Info.plist;
				LD_RUNPATH_SEARCH_PATHS = "$(inherited) @executable_path/Frameworks";
				PRODUCT_BUNDLE_IDENTIFIER = "Aoi-Sakaue.Countet";
				PRODUCT_NAME = "$(TARGET_NAME)";
			};
			name = Debug;
		};
		5892F11C1C66281900F2BCA2 /* Release */ = {
			isa = XCBuildConfiguration;
			buildSettings = {
				ASSETCATALOG_COMPILER_APPICON_NAME = AppIcon;
				INFOPLIST_FILE = Countet/Info.plist;
				LD_RUNPATH_SEARCH_PATHS = "$(inherited) @executable_path/Frameworks";
				PRODUCT_BUNDLE_IDENTIFIER = "Aoi-Sakaue.Countet";
				PRODUCT_NAME = "$(TARGET_NAME)";
			};
			name = Release;
		};
		5892F11E1C66281900F2BCA2 /* Debug */ = {
			isa = XCBuildConfiguration;
			buildSettings = {
				BUNDLE_LOADER = "$(TEST_HOST)";
				INFOPLIST_FILE = CountetTests/Info.plist;
				LD_RUNPATH_SEARCH_PATHS = "$(inherited) @executable_path/Frameworks @loader_path/Frameworks";
				PRODUCT_BUNDLE_IDENTIFIER = "Aoi-Sakaue.CountetTests";
				PRODUCT_NAME = "$(TARGET_NAME)";
				TEST_HOST = "$(BUILT_PRODUCTS_DIR)/Countet.app/Countet";
			};
			name = Debug;
		};
		5892F11F1C66281900F2BCA2 /* Release */ = {
			isa = XCBuildConfiguration;
			buildSettings = {
				BUNDLE_LOADER = "$(TEST_HOST)";
				INFOPLIST_FILE = CountetTests/Info.plist;
				LD_RUNPATH_SEARCH_PATHS = "$(inherited) @executable_path/Frameworks @loader_path/Frameworks";
				PRODUCT_BUNDLE_IDENTIFIER = "Aoi-Sakaue.CountetTests";
				PRODUCT_NAME = "$(TARGET_NAME)";
				TEST_HOST = "$(BUILT_PRODUCTS_DIR)/Countet.app/Countet";
			};
			name = Release;
		};
		5892F1211C66281900F2BCA2 /* Debug */ = {
			isa = XCBuildConfiguration;
			buildSettings = {
				INFOPLIST_FILE = CountetUITests/Info.plist;
				LD_RUNPATH_SEARCH_PATHS = "$(inherited) @executable_path/Frameworks @loader_path/Frameworks";
				PRODUCT_BUNDLE_IDENTIFIER = "Aoi-Sakaue.CountetUITests";
				PRODUCT_NAME = "$(TARGET_NAME)";
				TEST_TARGET_NAME = Countet;
				USES_XCTRUNNER = YES;
			};
			name = Debug;
		};
		5892F1221C66281900F2BCA2 /* Release */ = {
			isa = XCBuildConfiguration;
			buildSettings = {
				INFOPLIST_FILE = CountetUITests/Info.plist;
				LD_RUNPATH_SEARCH_PATHS = "$(inherited) @executable_path/Frameworks @loader_path/Frameworks";
				PRODUCT_BUNDLE_IDENTIFIER = "Aoi-Sakaue.CountetUITests";
				PRODUCT_NAME = "$(TARGET_NAME)";
				TEST_TARGET_NAME = Countet;
				USES_XCTRUNNER = YES;
			};
			name = Release;
		};
/* End XCBuildConfiguration section */

/* Begin XCConfigurationList section */
		5892F0ED1C66281900F2BCA2 /* Build configuration list for PBXProject "Countet" */ = {
			isa = XCConfigurationList;
			buildConfigurations = (
				5892F1181C66281900F2BCA2 /* Debug */,
				5892F1191C66281900F2BCA2 /* Release */,
			);
			defaultConfigurationIsVisible = 0;
			defaultConfigurationName = Release;
		};
		5892F11A1C66281900F2BCA2 /* Build configuration list for PBXNativeTarget "Countet" */ = {
			isa = XCConfigurationList;
			buildConfigurations = (
				5892F11B1C66281900F2BCA2 /* Debug */,
				5892F11C1C66281900F2BCA2 /* Release */,
			);
			defaultConfigurationIsVisible = 0;
			defaultConfigurationName = Release;
		};
		5892F11D1C66281900F2BCA2 /* Build configuration list for PBXNativeTarget "CountetTests" */ = {
			isa = XCConfigurationList;
			buildConfigurations = (
				5892F11E1C66281900F2BCA2 /* Debug */,
				5892F11F1C66281900F2BCA2 /* Release */,
			);
			defaultConfigurationIsVisible = 0;
			defaultConfigurationName = Release;
		};
		5892F1201C66281900F2BCA2 /* Build configuration list for PBXNativeTarget "CountetUITests" */ = {
			isa = XCConfigurationList;
			buildConfigurations = (
				5892F1211C66281900F2BCA2 /* Debug */,
				5892F1221C66281900F2BCA2 /* Release */,
			);
			defaultConfigurationIsVisible = 0;
			defaultConfigurationName = Release;
		};
/* End XCConfigurationList section */
	};
	rootObject = 5892F0EA1C66281900F2BCA2 /* Project object */;
}
